<?xml version="1.0" encoding="utf-8"?>
<Project ToolsVersion="4.0" xmlns="http://schemas.microsoft.com/developer/msbuild/2003">
  <ItemGroup>
    <Filter Include="Source Files">
      <UniqueIdentifier>{4FC737F1-C7A5-4376-A066-2A32D752A2FF}</UniqueIdentifier>
      <Extensions>cpp;c;cc;cxx;c++;cppm;ixx;def;odl;idl;hpj;bat;asm;asmx</Extensions>
    </Filter>
    <Filter Include="Header Files">
      <UniqueIdentifier>{93995380-89BD-4b04-88EB-625FBE52EBFB}</UniqueIdentifier>
      <Extensions>h;hh;hpp;hxx;h++;hm;inl;inc;ipp;xsd</Extensions>
    </Filter>
    <Filter Include="Resource Files">
      <UniqueIdentifier>{67DA6AB6-F800-4c08-8B7A-83BB121AAD01}</UniqueIdentifier>
      <Extensions>rc;ico;cur;bmp;dlg;rc2;rct;bin;rgs;gif;jpg;jpeg;jpe;resx;tiff;tif;png;wav;mfcribbon-ms</Extensions>
    </Filter>
  </ItemGroup>
  <ItemGroup>
    <ClCompile Include="main.cpp">
      <Filter>Source Files</Filter>
    </ClCompile>
    <ClCompile Include="src\lexer\lexer.cpp">
      <Filter>Source Files</Filter>
    </ClCompile>
    <ClCompile Include="src\parser\parser.cpp">
      <Filter>Source Files</Filter>
    </ClCompile>
    <ClCompile Include="src\ast\objectLiteral.cpp">
      <Filter>Source Files</Filter>
    </ClCompile>
    <ClCompile Include="src\ast\numericLiteral.cpp">
      <Filter>Source Files</Filter>
    </ClCompile>
    <ClCompile Include="src\ast\property.cpp">
      <Filter>Source Files</Filter>
    </ClCompile>
    <ClCompile Include="src\ast\expr.cpp">
      <Filter>Source Files</Filter>
    </ClCompile>
    <ClCompile Include="src\ast\stmt.cpp">
      <Filter>Source Files</Filter>
    </ClCompile>
    <ClCompile Include="src\ast\program.cpp">
      <Filter>Source Files</Filter>
    </ClCompile>
    <ClCompile Include="src\ast\charactersLiteral.cpp">
      <Filter>Source Files</Filter>
    </ClCompile>
    <ClCompile Include="src\ast\identifier.cpp">
      <Filter>Source Files</Filter>
    </ClCompile>
    <ClCompile Include="src\ast\variableDeclaration.cpp">
      <Filter>Source Files</Filter>
    </ClCompile>
    <ClCompile Include="src\ast\functionDeclaration.cpp">
      <Filter>Source Files</Filter>
    </ClCompile>
    <ClCompile Include="src\exprs\whileExpr.cpp">
      <Filter>Source Files</Filter>
    </ClCompile>
    <ClCompile Include="src\exprs\forExpr.cpp">
      <Filter>Source Files</Filter>
    </ClCompile>
    <ClCompile Include="src\exprs\ifExpr.cpp">
      <Filter>Source Files</Filter>
    </ClCompile>
    <ClCompile Include="src\exprs\memberExpr.cpp">
      <Filter>Source Files</Filter>
    </ClCompile>
    <ClCompile Include="src\exprs\callExpr.cpp">
      <Filter>Source Files</Filter>
    </ClCompile>
    <ClCompile Include="src\exprs\logicalExpr.cpp">
      <Filter>Source Files</Filter>
    </ClCompile>
    <ClCompile Include="src\exprs\booleanExpr.cpp">
      <Filter>Source Files</Filter>
    </ClCompile>
    <ClCompile Include="src\exprs\binaryExpr.cpp">
      <Filter>Source Files</Filter>
    </ClCompile>
    <ClCompile Include="src\exprs\assignmentExpr.cpp">
      <Filter>Source Files</Filter>
    </ClCompile>
    <ClCompile Include="src\types\nodeType.cpp">
      <Filter>Source Files</Filter>
    </ClCompile>
    <ClCompile Include="src\types\tokenTypes.cpp">
      <Filter>Source Files</Filter>
    </ClCompile>
    <ClCompile Include="src\runtime\environment.cpp">
      <Filter>Source Files</Filter>
    </ClCompile>
    <ClCompile Include="src\runtime\interpreter.cpp">
      <Filter>Source Files</Filter>
    </ClCompile>
    <ClCompile Include="src\runtime\nativeFuncs.cpp">
      <Filter>Source Files</Filter>
    </ClCompile>
    <ClCompile Include="src\runtime\eval\evalAssignment.cpp">
      <Filter>Source Files</Filter>
    </ClCompile>
    <ClCompile Include="src\runtime\eval\evalBinaryExpr.cpp">
      <Filter>Source Files</Filter>
    </ClCompile>
    <ClCompile Include="src\runtime\eval\evalBooleanExpr.cpp">
      <Filter>Source Files</Filter>
    </ClCompile>
    <ClCompile Include="src\runtime\eval\evalCallExpr.cpp">
      <Filter>Source Files</Filter>
    </ClCompile>
    <ClCompile Include="src\runtime\eval\evalForExpr.cpp">
      <Filter>Source Files</Filter>
    </ClCompile>
    <ClCompile Include="src\runtime\eval\evalIdentifier.cpp">
      <Filter>Source Files</Filter>
    </ClCompile>
    <ClCompile Include="src\runtime\eval\evalIfExpr.cpp">
      <Filter>Source Files</Filter>
    </ClCompile>
    <ClCompile Include="src\runtime\eval\evalMemberExpr.cpp">
      <Filter>Source Files</Filter>
    </ClCompile>
    <ClCompile Include="src\runtime\eval\evalObjectExpr.cpp">
      <Filter>Source Files</Filter>
    </ClCompile>
    <ClCompile Include="src\runtime\eval\evalWhileExpr.cpp">
      <Filter>Source Files</Filter>
    </ClCompile>
    <ClCompile Include="src\types\valueTypes.cpp">
      <Filter>Source Files</Filter>
    </ClCompile>
    <ClCompile Include="src\runtime\eval\evalFunctionDeclaration.cpp">
      <Filter>Source Files</Filter>
    </ClCompile>
    <ClCompile Include="src\runtime\eval\evalProgram.cpp">
      <Filter>Source Files</Filter>
    </ClCompile>
    <ClCompile Include="src\runtime\eval\evalVariableDeclaration.cpp">
      <Filter>Source Files</Filter>
    </ClCompile>
    <ClCompile Include="src\globalVals.cpp">
      <Filter>Source Files</Filter>
    </ClCompile>
  </ItemGroup>
  <ItemGroup>
    <None Include="main.pypp" />
  </ItemGroup>
  <ItemGroup>
    <ClInclude Include="src\frontend\tokenTypes.h">
      <Filter>Header Files</Filter>
    </ClInclude>
    <ClInclude Include="src\frontend\parser.h">
      <Filter>Header Files</Filter>
    </ClInclude>
    <ClInclude Include="src\frontend\lexer.h">
      <Filter>Header Files</Filter>
    </ClInclude>
    <ClInclude Include="src\frontend\ast.h">
      <Filter>Header Files</Filter>
    </ClInclude>
    <ClInclude Include="src\frontend\exprs.h">
      <Filter>Header Files</Filter>
    </ClInclude>
    <ClInclude Include="src\ArgsParser.h">
      <Filter>Header Files</Filter>
    </ClInclude>
    <ClInclude Include="src\lexer\lexer.h">
      <Filter>Header Files</Filter>
    </ClInclude>
    <ClInclude Include="src\parser\parser.h">
      <Filter>Header Files</Filter>
    </ClInclude>
    <ClInclude Include="src\utils\ArgsParser.h">
      <Filter>Header Files</Filter>
    </ClInclude>
    <ClInclude Include="src\ast\objectLiteral.h">
      <Filter>Header Files</Filter>
    </ClInclude>
    <ClInclude Include="src\ast\numericLiteral.h">
      <Filter>Header Files</Filter>
    </ClInclude>
    <ClInclude Include="src\ast\property.h">
      <Filter>Header Files</Filter>
    </ClInclude>
    <ClInclude Include="src\ast\expr.h">
      <Filter>Header Files</Filter>
    </ClInclude>
    <ClInclude Include="src\ast\stmt.h">
      <Filter>Header Files</Filter>
    </ClInclude>
    <ClInclude Include="src\types\nodeType.h">
      <Filter>Header Files</Filter>
    </ClInclude>
    <ClInclude Include="src\ast\program.h">
      <Filter>Header Files</Filter>
    </ClInclude>
    <ClInclude Include="src\ast\charactersLiteral.h">
      <Filter>Header Files</Filter>
    </ClInclude>
    <ClInclude Include="src\ast\identifier.h">
      <Filter>Header Files</Filter>
    </ClInclude>
    <ClInclude Include="src\ast\variableDeclaration.h">
      <Filter>Header Files</Filter>
    </ClInclude>
    <ClInclude Include="src\ast\functionDeclaration.h">
      <Filter>Header Files</Filter>
    </ClInclude>
    <ClInclude Include="src\exprs\whileExpr.h">
      <Filter>Header Files</Filter>
    </ClInclude>
    <ClInclude Include="src\exprs\forExpr.h">
      <Filter>Header Files</Filter>
    </ClInclude>
    <ClInclude Include="src\exprs\ifExpr.h">
      <Filter>Header Files</Filter>
    </ClInclude>
    <ClInclude Include="src\exprs\memberExpr.h">
      <Filter>Header Files</Filter>
    </ClInclude>
    <ClInclude Include="src\exprs\callExpr.h">
      <Filter>Header Files</Filter>
    </ClInclude>
    <ClInclude Include="src\exprs\logicalExpr.h">
      <Filter>Header Files</Filter>
    </ClInclude>
    <ClInclude Include="src\exprs\booleanExpr.h">
      <Filter>Header Files</Filter>
    </ClInclude>
    <ClInclude Include="src\exprs\binaryExpr.h">
      <Filter>Header Files</Filter>
    </ClInclude>
    <ClInclude Include="src\exprs\assignmentExpr.h">
      <Filter>Header Files</Filter>
    </ClInclude>
    <ClInclude Include="src\types\tokenTypes.h">
      <Filter>Header Files</Filter>
    </ClInclude>
    <ClInclude Include="src\runtime\environment.h">
      <Filter>Header Files</Filter>
    </ClInclude>
    <ClInclude Include="src\runtime\interpreter.h">
      <Filter>Header Files</Filter>
    </ClInclude>
    <ClInclude Include="src\runtime\nativeFuncs.h">
      <Filter>Header Files</Filter>
    </ClInclude>
    <ClInclude Include="src\runtime\eval\evalAssignment.h">
      <Filter>Header Files</Filter>
    </ClInclude>
    <ClInclude Include="src\runtime\eval\evalBinaryExpr.h">
      <Filter>Header Files</Filter>
    </ClInclude>
    <ClInclude Include="src\runtime\eval\evalBooleanExpr.h">
      <Filter>Header Files</Filter>
    </ClInclude>
    <ClInclude Include="src\runtime\eval\evalCallExpr.h">
      <Filter>Header Files</Filter>
    </ClInclude>
    <ClInclude Include="src\runtime\eval\evalForExpr.h">
      <Filter>Header Files</Filter>
    </ClInclude>
    <ClInclude Include="src\runtime\eval\evalIdentifier.h">
      <Filter>Header Files</Filter>
    </ClInclude>
    <ClInclude Include="src\runtime\eval\evalIfExpr.h">
      <Filter>Header Files</Filter>
    </ClInclude>
    <ClInclude Include="src\runtime\eval\evalMemberExpr.h">
      <Filter>Header Files</Filter>
    </ClInclude>
    <ClInclude Include="src\runtime\eval\evalObjectExpr.h">
      <Filter>Header Files</Filter>
    </ClInclude>
    <ClInclude Include="src\runtime\eval\evalWhileExpr.h">
      <Filter>Header Files</Filter>
    </ClInclude>
    <ClInclude Include="src\types\valueTypes.h">
      <Filter>Header Files</Filter>
    </ClInclude>
    <ClInclude Include="src\runtime\eval\evalFunctionDeclaration.h">
      <Filter>Header Files</Filter>
    </ClInclude>
    <ClInclude Include="src\runtime\eval\evalProgram.h">
      <Filter>Header Files</Filter>
    </ClInclude>
    <ClInclude Include="src\runtime\eval\evalVariableDeclaration.h">
      <Filter>Header Files</Filter>
    </ClInclude>
    <ClInclude Include="src\globalVals.h">
      <Filter>Header Files</Filter>
    </ClInclude>
  </ItemGroup>
</Project>